
Microsoft Visual Studio Solution File, Format Version 12.00
# Visual Studio Version 17
VisualStudioVersion = 17.1.32319.34
MinimumVisualStudioVersion = 10.0.40219.1
Project("{FAE04EC0-301F-11D3-BF4B-00C04F79EFBC}") = "AutoMapper.API", "AutoMapper.API\AutoMapper.API.csproj", "{00D04424-A25E-4976-99B8-49AA3FB2C8DF}"
EndProject
Global
	GlobalSection(SolutionConfigurationPlatforms) = preSolution
		Debug|Any CPU = Debug|Any CPU
		Release|Any CPU = Release|Any CPU
	EndGlobalSection
	GlobalSection(ProjectConfigurationPlatforms) = postSolution
		{00D04424-A25E-4976-99B8-49AA3FB2C8DF}.Debug|Any CPU.ActiveCfg = Debug|Any CPU
		{00D04424-A25E-4976-99B8-49AA3FB2C8DF}.Debug|Any CPU.Build.0 = Debug|Any CPU
		{00D04424-A25E-4976-99B8-49AA3FB2C8DF}.Release|Any CPU.ActiveCfg = Release|Any CPU
		{00D04424-A25E-4976-99B8-49AA3FB2C8DF}.Release|Any CPU.Build.0 = Release|Any CPU
	EndGlobalSection
	GlobalSection(SolutionProperties) = preSolution
		HideSolutionNode = FALSE
	EndGlobalSection
	GlobalSection(ExtensibilityGlobals) = postSolution
		SolutionGuid = {671BF025-FE68-49DB-A721-F02C060229E7}
	EndGlobalSection
EndGlobal
